// !$*UTF8*$!
{
	archiveVersion = 1;
	classes = {
	};
	objectVersion = 46;
	objects = {

/* Begin PBXBuildFile section */
		1C8C746E1B60D72F00474972 /* AUUCameraManager.m in Sources */ = {isa = PBXBuildFile; fileRef = 1C8C745B1B60D72F00474972 /* AUUCameraManager.m */; };
		1C8C746F1B60D72F00474972 /* AUUColorCategory.m in Sources */ = {isa = PBXBuildFile; fileRef = 1C8C745E1B60D72F00474972 /* AUUColorCategory.m */; };
		1C8C74701B60D72F00474972 /* AUUImageCategory.m in Sources */ = {isa = PBXBuildFile; fileRef = 1C8C74601B60D72F00474972 /* AUUImageCategory.m */; };
		1C8C74711B60D72F00474972 /* AUUViewCategory.m in Sources */ = {isa = PBXBuildFile; fileRef = 1C8C74621B60D72F00474972 /* AUUViewCategory.m */; };
		1C8C74721B60D72F00474972 /* AUUCameraViewController.m in Sources */ = {isa = PBXBuildFile; fileRef = 1C8C74651B60D72F00474972 /* AUUCameraViewController.m */; };
		1C8C74731B60D72F00474972 /* AUUFilterFactory.m in Sources */ = {isa = PBXBuildFile; fileRef = 1C8C74681B60D72F00474972 /* AUUFilterFactory.m */; };
		1C8C74741B60D72F00474972 /* AUUMenu.m in Sources */ = {isa = PBXBuildFile; fileRef = 1C8C746B1B60D72F00474972 /* AUUMenu.m */; };
		1C8C74751B60D72F00474972 /* AUUSliderMenuView.m in Sources */ = {isa = PBXBuildFile; fileRef = 1C8C746D1B60D72F00474972 /* AUUSliderMenuView.m */; };
		99726AFD1B5B084B0038084C /* main.m in Sources */ = {isa = PBXBuildFile; fileRef = 99726AFC1B5B084B0038084C /* main.m */; };
		99726B001B5B084B0038084C /* AppDelegate.m in Sources */ = {isa = PBXBuildFile; fileRef = 99726AFF1B5B084B0038084C /* AppDelegate.m */; };
		99726B031B5B084B0038084C /* ViewController.m in Sources */ = {isa = PBXBuildFile; fileRef = 99726B021B5B084B0038084C /* ViewController.m */; };
		99726B061B5B084B0038084C /* Main.storyboard in Resources */ = {isa = PBXBuildFile; fileRef = 99726B041B5B084B0038084C /* Main.storyboard */; };
		99726B081B5B084B0038084C /* Images.xcassets in Resources */ = {isa = PBXBuildFile; fileRef = 99726B071B5B084B0038084C /* Images.xcassets */; };
		99726B0B1B5B084B0038084C /* LaunchScreen.xib in Resources */ = {isa = PBXBuildFile; fileRef = 99726B091B5B084B0038084C /* LaunchScreen.xib */; };
		99726B171B5B084B0038084C /* CustomCameraWithFilterTests.m in Sources */ = {isa = PBXBuildFile; fileRef = 99726B161B5B084B0038084C /* CustomCameraWithFilterTests.m */; };
		999A77C71B6139D00038728A /* AUUAlbumViewController.m in Sources */ = {isa = PBXBuildFile; fileRef = 999A77C61B6139D00038728A /* AUUAlbumViewController.m */; };
		999A77CA1B613A070038728A /* AUUPictureEditViewController.m in Sources */ = {isa = PBXBuildFile; fileRef = 999A77C91B613A070038728A /* AUUPictureEditViewController.m */; };
		999A77D01B6141630038728A /* AUUAlbumCollectionViewCell.m in Sources */ = {isa = PBXBuildFile; fileRef = 999A77CF1B6141630038728A /* AUUAlbumCollectionViewCell.m */; };
		999A77D41B6143840038728A /* AUUCollectionViewLayout.m in Sources */ = {isa = PBXBuildFile; fileRef = 999A77D31B6143840038728A /* AUUCollectionViewLayout.m */; };
/* End PBXBuildFile section */

/* Begin PBXContainerItemProxy section */
		99726B111B5B084B0038084C /* PBXContainerItemProxy */ = {
			isa = PBXContainerItemProxy;
			containerPortal = 99726AEF1B5B084A0038084C /* Project object */;
			proxyType = 1;
			remoteGlobalIDString = 99726AF61B5B084B0038084C;
			remoteInfo = CustomCameraWithFilter;
		};
/* End PBXContainerItemProxy section */

/* Begin PBXFileReference section */
		1C8C74581B60D72F00474972 /* AUUMacro.h */ = {isa = PBXFileReference; fileEncoding = 4; lastKnownFileType = sourcecode.c.h; path = AUUMacro.h; sourceTree = "<group>"; };
		1C8C745A1B60D72F00474972 /* AUUCameraManager.h */ = {isa = PBXFileReference; fileEncoding = 4; lastKnownFileType = sourcecode.c.h; path = AUUCameraManager.h; sourceTree = "<group>"; };
		1C8C745B1B60D72F00474972 /* AUUCameraManager.m */ = {isa = PBXFileReference; fileEncoding = 4; lastKnownFileType = sourcecode.c.objc; path = AUUCameraManager.m; sourceTree = "<group>"; };
		1C8C745D1B60D72F00474972 /* AUUColorCategory.h */ = {isa = PBXFileReference; fileEncoding = 4; lastKnownFileType = sourcecode.c.h; path = AUUColorCategory.h; sourceTree = "<group>"; };
		1C8C745E1B60D72F00474972 /* AUUColorCategory.m */ = {isa = PBXFileReference; fileEncoding = 4; lastKnownFileType = sourcecode.c.objc; path = AUUColorCategory.m; sourceTree = "<group>"; };
		1C8C745F1B60D72F00474972 /* AUUImageCategory.h */ = {isa = PBXFileReference; fileEncoding = 4; lastKnownFileType = sourcecode.c.h; path = AUUImageCategory.h; sourceTree = "<group>"; };
		1C8C74601B60D72F00474972 /* AUUImageCategory.m */ = {isa = PBXFileReference; fileEncoding = 4; lastKnownFileType = sourcecode.c.objc; path = AUUImageCategory.m; sourceTree = "<group>"; };
		1C8C74611B60D72F00474972 /* AUUViewCategory.h */ = {isa = PBXFileReference; fileEncoding = 4; lastKnownFileType = sourcecode.c.h; path = AUUViewCategory.h; sourceTree = "<group>"; };
		1C8C74621B60D72F00474972 /* AUUViewCategory.m */ = {isa = PBXFileReference; fileEncoding = 4; lastKnownFileType = sourcecode.c.objc; path = AUUViewCategory.m; sourceTree = "<group>"; };
		1C8C74641B60D72F00474972 /* AUUCameraViewController.h */ = {isa = PBXFileReference; fileEncoding = 4; lastKnownFileType = sourcecode.c.h; path = AUUCameraViewController.h; sourceTree = "<group>"; };
		1C8C74651B60D72F00474972 /* AUUCameraViewController.m */ = {isa = PBXFileReference; fileEncoding = 4; lastKnownFileType = sourcecode.c.objc; path = AUUCameraViewController.m; sourceTree = "<group>"; };
		1C8C74671B60D72F00474972 /* AUUFilterFactory.h */ = {isa = PBXFileReference; fileEncoding = 4; lastKnownFileType = sourcecode.c.h; path = AUUFilterFactory.h; sourceTree = "<group>"; };
		1C8C74681B60D72F00474972 /* AUUFilterFactory.m */ = {isa = PBXFileReference; fileEncoding = 4; lastKnownFileType = sourcecode.c.objc; path = AUUFilterFactory.m; sourceTree = "<group>"; };
		1C8C746A1B60D72F00474972 /* AUUMenu.h */ = {isa = PBXFileReference; fileEncoding = 4; lastKnownFileType = sourcecode.c.h; path = AUUMenu.h; sourceTree = "<group>"; };
		1C8C746B1B60D72F00474972 /* AUUMenu.m */ = {isa = PBXFileReference; fileEncoding = 4; lastKnownFileType = sourcecode.c.objc; path = AUUMenu.m; sourceTree = "<group>"; };
		1C8C746C1B60D72F00474972 /* AUUSliderMenuView.h */ = {isa = PBXFileReference; fileEncoding = 4; lastKnownFileType = sourcecode.c.h; path = AUUSliderMenuView.h; sourceTree = "<group>"; };
		1C8C746D1B60D72F00474972 /* AUUSliderMenuView.m */ = {isa = PBXFileReference; fileEncoding = 4; lastKnownFileType = sourcecode.c.objc; path = AUUSliderMenuView.m; sourceTree = "<group>"; };
		99726AF71B5B084B0038084C /* CustomCameraWithFilter.app */ = {isa = PBXFileReference; explicitFileType = wrapper.application; includeInIndex = 0; path = CustomCameraWithFilter.app; sourceTree = BUILT_PRODUCTS_DIR; };
		99726AFB1B5B084B0038084C /* Info.plist */ = {isa = PBXFileReference; lastKnownFileType = text.plist.xml; path = Info.plist; sourceTree = "<group>"; };
		99726AFC1B5B084B0038084C /* main.m */ = {isa = PBXFileReference; lastKnownFileType = sourcecode.c.objc; path = main.m; sourceTree = "<group>"; };
		99726AFE1B5B084B0038084C /* AppDelegate.h */ = {isa = PBXFileReference; lastKnownFileType = sourcecode.c.h; path = AppDelegate.h; sourceTree = "<group>"; };
		99726AFF1B5B084B0038084C /* AppDelegate.m */ = {isa = PBXFileReference; lastKnownFileType = sourcecode.c.objc; path = AppDelegate.m; sourceTree = "<group>"; };
		99726B011B5B084B0038084C /* ViewController.h */ = {isa = PBXFileReference; lastKnownFileType = sourcecode.c.h; path = ViewController.h; sourceTree = "<group>"; };
		99726B021B5B084B0038084C /* ViewController.m */ = {isa = PBXFileReference; lastKnownFileType = sourcecode.c.objc; path = ViewController.m; sourceTree = "<group>"; };
		99726B051B5B084B0038084C /* Base */ = {isa = PBXFileReference; lastKnownFileType = file.storyboard; name = Base; path = Base.lproj/Main.storyboard; sourceTree = "<group>"; };
		99726B071B5B084B0038084C /* Images.xcassets */ = {isa = PBXFileReference; lastKnownFileType = folder.assetcatalog; path = Images.xcassets; sourceTree = "<group>"; };
		99726B0A1B5B084B0038084C /* Base */ = {isa = PBXFileReference; lastKnownFileType = file.xib; name = Base; path = Base.lproj/LaunchScreen.xib; sourceTree = "<group>"; };
		99726B101B5B084B0038084C /* CustomCameraWithFilterTests.xctest */ = {isa = PBXFileReference; explicitFileType = wrapper.cfbundle; includeInIndex = 0; path = CustomCameraWithFilterTests.xctest; sourceTree = BUILT_PRODUCTS_DIR; };
		99726B151B5B084B0038084C /* Info.plist */ = {isa = PBXFileReference; lastKnownFileType = text.plist.xml; path = Info.plist; sourceTree = "<group>"; };
		99726B161B5B084B0038084C /* CustomCameraWithFilterTests.m */ = {isa = PBXFileReference; lastKnownFileType = sourcecode.c.objc; path = CustomCameraWithFilterTests.m; sourceTree = "<group>"; };
		999A77C51B6139D00038728A /* AUUAlbumViewController.h */ = {isa = PBXFileReference; fileEncoding = 4; lastKnownFileType = sourcecode.c.h; path = AUUAlbumViewController.h; sourceTree = "<group>"; };
		999A77C61B6139D00038728A /* AUUAlbumViewController.m */ = {isa = PBXFileReference; fileEncoding = 4; lastKnownFileType = sourcecode.c.objc; path = AUUAlbumViewController.m; sourceTree = "<group>"; };
		999A77C81B613A070038728A /* AUUPictureEditViewController.h */ = {isa = PBXFileReference; fileEncoding = 4; lastKnownFileType = sourcecode.c.h; path = AUUPictureEditViewController.h; sourceTree = "<group>"; };
		999A77C91B613A070038728A /* AUUPictureEditViewController.m */ = {isa = PBXFileReference; fileEncoding = 4; lastKnownFileType = sourcecode.c.objc; path = AUUPictureEditViewController.m; sourceTree = "<group>"; };
		999A77CE1B6141630038728A /* AUUAlbumCollectionViewCell.h */ = {isa = PBXFileReference; fileEncoding = 4; lastKnownFileType = sourcecode.c.h; path = AUUAlbumCollectionViewCell.h; sourceTree = "<group>"; };
		999A77CF1B6141630038728A /* AUUAlbumCollectionViewCell.m */ = {isa = PBXFileReference; fileEncoding = 4; lastKnownFileType = sourcecode.c.objc; path = AUUAlbumCollectionViewCell.m; sourceTree = "<group>"; };
		999A77D21B6143840038728A /* AUUCollectionViewLayout.h */ = {isa = PBXFileReference; fileEncoding = 4; lastKnownFileType = sourcecode.c.h; name = AUUCollectionViewLayout.h; path = Libiary/AUUCollectionViewLayout.h; sourceTree = "<group>"; };
		999A77D31B6143840038728A /* AUUCollectionViewLayout.m */ = {isa = PBXFileReference; fileEncoding = 4; lastKnownFileType = sourcecode.c.objc; name = AUUCollectionViewLayout.m; path = Libiary/AUUCollectionViewLayout.m; sourceTree = "<group>"; };
/* End PBXFileReference section */

/* Begin PBXFrameworksBuildPhase section */
		99726AF41B5B084B0038084C /* Frameworks */ = {
			isa = PBXFrameworksBuildPhase;
			buildActionMask = 2147483647;
			files = (
			);
			runOnlyForDeploymentPostprocessing = 0;
		};
		99726B0D1B5B084B0038084C /* Frameworks */ = {
			isa = PBXFrameworksBuildPhase;
			buildActionMask = 2147483647;
			files = (
			);
			runOnlyForDeploymentPostprocessing = 0;
		};
/* End PBXFrameworksBuildPhase section */

/* Begin PBXGroup section */
		1C8C74571B60D72F00474972 /* CustomCamera */ = {
			isa = PBXGroup;
			children = (
				1C8C74581B60D72F00474972 /* AUUMacro.h */,
				999A77D11B6143500038728A /* Library */,
				1C8C74591B60D72F00474972 /* Camera */,
				1C8C745C1B60D72F00474972 /* Categories */,
				1C8C74631B60D72F00474972 /* Controller */,
				1C8C74661B60D72F00474972 /* Filter */,
				1C8C74691B60D72F00474972 /* Views */,
			);
			path = CustomCamera;
			sourceTree = "<group>";
		};
		1C8C74591B60D72F00474972 /* Camera */ = {
			isa = PBXGroup;
			children = (
				1C8C745A1B60D72F00474972 /* AUUCameraManager.h */,
				1C8C745B1B60D72F00474972 /* AUUCameraManager.m */,
			);
			path = Camera;
			sourceTree = "<group>";
		};
		1C8C745C1B60D72F00474972 /* Categories */ = {
			isa = PBXGroup;
			children = (
				1C8C745D1B60D72F00474972 /* AUUColorCategory.h */,
				1C8C745E1B60D72F00474972 /* AUUColorCategory.m */,
				1C8C745F1B60D72F00474972 /* AUUImageCategory.h */,
				1C8C74601B60D72F00474972 /* AUUImageCategory.m */,
				1C8C74611B60D72F00474972 /* AUUViewCategory.h */,
				1C8C74621B60D72F00474972 /* AUUViewCategory.m */,
			);
			path = Categories;
			sourceTree = "<group>";
		};
		1C8C74631B60D72F00474972 /* Controller */ = {
			isa = PBXGroup;
			children = (
				1C8C74641B60D72F00474972 /* AUUCameraViewController.h */,
				1C8C74651B60D72F00474972 /* AUUCameraViewController.m */,
				999A77C51B6139D00038728A /* AUUAlbumViewController.h */,
				999A77C61B6139D00038728A /* AUUAlbumViewController.m */,
				999A77C81B613A070038728A /* AUUPictureEditViewController.h */,
				999A77C91B613A070038728A /* AUUPictureEditViewController.m */,
			);
			path = Controller;
			sourceTree = "<group>";
		};
		1C8C74661B60D72F00474972 /* Filter */ = {
			isa = PBXGroup;
			children = (
				1C8C74671B60D72F00474972 /* AUUFilterFactory.h */,
				1C8C74681B60D72F00474972 /* AUUFilterFactory.m */,
			);
			path = Filter;
			sourceTree = "<group>";
		};
		1C8C74691B60D72F00474972 /* Views */ = {
			isa = PBXGroup;
			children = (
				1C8C746A1B60D72F00474972 /* AUUMenu.h */,
				1C8C746B1B60D72F00474972 /* AUUMenu.m */,
				1C8C746C1B60D72F00474972 /* AUUSliderMenuView.h */,
				1C8C746D1B60D72F00474972 /* AUUSliderMenuView.m */,
				999A77CE1B6141630038728A /* AUUAlbumCollectionViewCell.h */,
				999A77CF1B6141630038728A /* AUUAlbumCollectionViewCell.m */,
			);
			path = Views;
			sourceTree = "<group>";
		};
		99726AEE1B5B084A0038084C = {
			isa = PBXGroup;
			children = (
				99726AF91B5B084B0038084C /* CustomCameraWithFilter */,
				99726B131B5B084B0038084C /* CustomCameraWithFilterTests */,
				99726AF81B5B084B0038084C /* Products */,
			);
			sourceTree = "<group>";
		};
		99726AF81B5B084B0038084C /* Products */ = {
			isa = PBXGroup;
			children = (
				99726AF71B5B084B0038084C /* CustomCameraWithFilter.app */,
				99726B101B5B084B0038084C /* CustomCameraWithFilterTests.xctest */,
			);
			name = Products;
			sourceTree = "<group>";
		};
		99726AF91B5B084B0038084C /* CustomCameraWithFilter */ = {
			isa = PBXGroup;
			children = (
				99726AFE1B5B084B0038084C /* AppDelegate.h */,
				99726AFF1B5B084B0038084C /* AppDelegate.m */,
				99726B011B5B084B0038084C /* ViewController.h */,
				99726B021B5B084B0038084C /* ViewController.m */,
				1C8C74571B60D72F00474972 /* CustomCamera */,
				99726B041B5B084B0038084C /* Main.storyboard */,
				99726B071B5B084B0038084C /* Images.xcassets */,
				99726B091B5B084B0038084C /* LaunchScreen.xib */,
				99726AFA1B5B084B0038084C /* Supporting Files */,
			);
			path = CustomCameraWithFilter;
			sourceTree = "<group>";
		};
		99726AFA1B5B084B0038084C /* Supporting Files */ = {
			isa = PBXGroup;
			children = (
				99726AFB1B5B084B0038084C /* Info.plist */,
				99726AFC1B5B084B0038084C /* main.m */,
			);
			name = "Supporting Files";
			sourceTree = "<group>";
		};
		99726B131B5B084B0038084C /* CustomCameraWithFilterTests */ = {
			isa = PBXGroup;
			children = (
				99726B161B5B084B0038084C /* CustomCameraWithFilterTests.m */,
				99726B141B5B084B0038084C /* Supporting Files */,
			);
			path = CustomCameraWithFilterTests;
			sourceTree = "<group>";
		};
		99726B141B5B084B0038084C /* Supporting Files */ = {
			isa = PBXGroup;
			children = (
				99726B151B5B084B0038084C /* Info.plist */,
			);
			name = "Supporting Files";
			sourceTree = "<group>";
		};
		999A77D11B6143500038728A /* Library */ = {
			isa = PBXGroup;
			children = (
				999A77D21B6143840038728A /* AUUCollectionViewLayout.h */,
				999A77D31B6143840038728A /* AUUCollectionViewLayout.m */,
			);
			name = Library;
			sourceTree = "<group>";
		};
/* End PBXGroup section */

/* Begin PBXNativeTarget section */
		99726AF61B5B084B0038084C /* CustomCameraWithFilter */ = {
			isa = PBXNativeTarget;
			buildConfigurationList = 99726B1A1B5B084B0038084C /* Build configuration list for PBXNativeTarget "CustomCameraWithFilter" */;
			buildPhases = (
				99726AF31B5B084B0038084C /* Sources */,
				99726AF41B5B084B0038084C /* Frameworks */,
				99726AF51B5B084B0038084C /* Resources */,
			);
			buildRules = (
			);
			dependencies = (
			);
			name = CustomCameraWithFilter;
			productName = CustomCameraWithFilter;
			productReference = 99726AF71B5B084B0038084C /* CustomCameraWithFilter.app */;
			productType = "com.apple.product-type.application";
		};
		99726B0F1B5B084B0038084C /* CustomCameraWithFilterTests */ = {
			isa = PBXNativeTarget;
			buildConfigurationList = 99726B1D1B5B084B0038084C /* Build configuration list for PBXNativeTarget "CustomCameraWithFilterTests" */;
			buildPhases = (
				99726B0C1B5B084B0038084C /* Sources */,
				99726B0D1B5B084B0038084C /* Frameworks */,
				99726B0E1B5B084B0038084C /* Resources */,
			);
			buildRules = (
			);
			dependencies = (
				99726B121B5B084B0038084C /* PBXTargetDependency */,
			);
			name = CustomCameraWithFilterTests;
			productName = CustomCameraWithFilterTests;
			productReference = 99726B101B5B084B0038084C /* CustomCameraWithFilterTests.xctest */;
			productType = "com.apple.product-type.bundle.unit-test";
		};
/* End PBXNativeTarget section */

/* Begin PBXProject section */
		99726AEF1B5B084A0038084C /* Project object */ = {
			isa = PBXProject;
			attributes = {
				LastUpgradeCheck = 0640;
				ORGANIZATIONNAME = "胡金友";
				TargetAttributes = {
					99726AF61B5B084B0038084C = {
						CreatedOnToolsVersion = 6.4;
					};
					99726B0F1B5B084B0038084C = {
						CreatedOnToolsVersion = 6.4;
						TestTargetID = 99726AF61B5B084B0038084C;
					};
				};
			};
			buildConfigurationList = 99726AF21B5B084A0038084C /* Build configuration list for PBXProject "CustomCameraWithFilter" */;
			compatibilityVersion = "Xcode 3.2";
			developmentRegion = English;
			hasScannedForEncodings = 0;
			knownRegions = (
				en,
				Base,
			);
			mainGroup = 99726AEE1B5B084A0038084C;
			productRefGroup = 99726AF81B5B084B0038084C /* Products */;
			projectDirPath = "";
			projectRoot = "";
			targets = (
				99726AF61B5B084B0038084C /* CustomCameraWithFilter */,
				99726B0F1B5B084B0038084C /* CustomCameraWithFilterTests */,
			);
		};
/* End PBXProject section */

/* Begin PBXResourcesBuildPhase section */
		99726AF51B5B084B0038084C /* Resources */ = {
			isa = PBXResourcesBuildPhase;
			buildActionMask = 2147483647;
			files = (
				99726B061B5B084B0038084C /* Main.storyboard in Resources */,
				99726B0B1B5B084B0038084C /* LaunchScreen.xib in Resources */,
				99726B081B5B084B0038084C /* Images.xcassets in Resources */,
			);
			runOnlyForDeploymentPostprocessing = 0;
		};
		99726B0E1B5B084B0038084C /* Resources */ = {
			isa = PBXResourcesBuildPhase;
			buildActionMask = 2147483647;
			files = (
			);
			runOnlyForDeploymentPostprocessing = 0;
		};
/* End PBXResourcesBuildPhase section */

/* Begin PBXSourcesBuildPhase section */
		99726AF31B5B084B0038084C /* Sources */ = {
			isa = PBXSourcesBuildPhase;
			buildActionMask = 2147483647;
			files = (
				1C8C746F1B60D72F00474972 /* AUUColorCategory.m in Sources */,
				1C8C74751B60D72F00474972 /* AUUSliderMenuView.m in Sources */,
				999A77C71B6139D00038728A /* AUUAlbumViewController.m in Sources */,
				1C8C746E1B60D72F00474972 /* AUUCameraManager.m in Sources */,
				1C8C74741B60D72F00474972 /* AUUMenu.m in Sources */,
				99726B031B5B084B0038084C /* ViewController.m in Sources */,
				1C8C74731B60D72F00474972 /* AUUFilterFactory.m in Sources */,
				1C8C74701B60D72F00474972 /* AUUImageCategory.m in Sources */,
				999A77D01B6141630038728A /* AUUAlbumCollectionViewCell.m in Sources */,
				99726B001B5B084B0038084C /* AppDelegate.m in Sources */,
				1C8C74711B60D72F00474972 /* AUUViewCategory.m in Sources */,
				99726AFD1B5B084B0038084C /* main.m in Sources */,
				999A77D41B6143840038728A /* AUUCollectionViewLayout.m in Sources */,
				999A77CA1B613A070038728A /* AUUPictureEditViewController.m in Sources */,
				1C8C74721B60D72F00474972 /* AUUCameraViewController.m in Sources */,
			);
			runOnlyForDeploymentPostprocessing = 0;
		};
		99726B0C1B5B084B0038084C /* Sources */ = {
			isa = PBXSourcesBuildPhase;
			buildActionMask = 2147483647;
			files = (
				99726B171B5B084B0038084C /* CustomCameraWithFilterTests.m in Sources */,
			);
			runOnlyForDeploymentPostprocessing = 0;
		};
/* End PBXSourcesBuildPhase section */

/* Begin PBXTargetDependency section */
		99726B121B5B084B0038084C /* PBXTargetDependency */ = {
			isa = PBXTargetDependency;
			target = 99726AF61B5B084B0038084C /* CustomCameraWithFilter */;
			targetProxy = 99726B111B5B084B0038084C /* PBXContainerItemProxy */;
		};
/* End PBXTargetDependency section */

/* Begin PBXVariantGroup section */
		99726B041B5B084B0038084C /* Main.storyboard */ = {
			isa = PBXVariantGroup;
			children = (
				99726B051B5B084B0038084C /* Base */,
			);
			name = Main.storyboard;
			sourceTree = "<group>";
		};
		99726B091B5B084B0038084C /* LaunchScreen.xib */ = {
			isa = PBXVariantGroup;
			children = (
				99726B0A1B5B084B0038084C /* Base */,
			);
			name = LaunchScreen.xib;
			sourceTree = "<group>";
		};
/* End PBXVariantGroup section */

/* Begin XCBuildConfiguration section */
		99726B181B5B084B0038084C /* Debug */ = {
			isa = XCBuildConfiguration;
			buildSettings = {
				ALWAYS_SEARCH_USER_PATHS = NO;
				CLANG_CXX_LANGUAGE_STANDARD = "gnu++0x";
				CLANG_CXX_LIBRARY = "libc++";
				CLANG_ENABLE_MODULES = YES;
				CLANG_ENABLE_OBJC_ARC = YES;
				CLANG_WARN_BOOL_CONVERSION = YES;
				CLANG_WARN_CONSTANT_CONVERSION = YES;
				CLANG_WARN_DIRECT_OBJC_ISA_USAGE = YES_ERROR;
				CLANG_WARN_EMPTY_BODY = YES;
				CLANG_WARN_ENUM_CONVERSION = YES;
				CLANG_WARN_INT_CONVERSION = YES;
				CLANG_WARN_OBJC_ROOT_CLASS = YES_ERROR;
				CLANG_WARN_UNREACHABLE_CODE = YES;
				CLANG_WARN__DUPLICATE_METHOD_MATCH = YES;
				"CODE_SIGN_IDENTITY[sdk=iphoneos*]" = "iPhone Developer";
				COPY_PHASE_STRIP = NO;
				DEBUG_INFORMATION_FORMAT = "dwarf-with-dsym";
				ENABLE_STRICT_OBJC_MSGSEND = YES;
				GCC_C_LANGUAGE_STANDARD = gnu99;
				GCC_DYNAMIC_NO_PIC = NO;
				GCC_NO_COMMON_BLOCKS = YES;
				GCC_OPTIMIZATION_LEVEL = 0;
				GCC_PREPROCESSOR_DEFINITIONS = (
					"DEBUG=1",
					"$(inherited)",
				);
				GCC_SYMBOLS_PRIVATE_EXTERN = NO;
				GCC_WARN_64_TO_32_BIT_CONVERSION = YES;
				GCC_WARN_ABOUT_RETURN_TYPE = YES_ERROR;
				GCC_WARN_UNDECLARED_SELECTOR = YES;
				GCC_WARN_UNINITIALIZED_AUTOS = YES_AGGRESSIVE;
				GCC_WARN_UNUSED_FUNCTION = YES;
				GCC_WARN_UNUSED_VARIABLE = YES;
				IPHONEOS_DEPLOYMENT_TARGET = 8.4;
				MTL_ENABLE_DEBUG_INFO = YES;
				ONLY_ACTIVE_ARCH = YES;
				SDKROOT = iphoneos;
				TARGETED_DEVICE_FAMILY = "1,2";
			};
			name = Debug;
		};
		99726B191B5B084B0038084C /* Release */ = {
			isa = XCBuildConfiguration;
			buildSettings = {
				ALWAYS_SEARCH_USER_PATHS = NO;
				CLANG_CXX_LANGUAGE_STANDARD = "gnu++0x";
				CLANG_CXX_LIBRARY = "libc++";
				CLANG_ENABLE_MODULES = YES;
				CLANG_ENABLE_OBJC_ARC = YES;
				CLANG_WARN_BOOL_CONVERSION = YES;
				CLANG_WARN_CONSTANT_CONVERSION = YES;
				CLANG_WARN_DIRECT_OBJC_ISA_USAGE = YES_ERROR;
				CLANG_WARN_EMPTY_BODY = YES;
				CLANG_WARN_ENUM_CONVERSION = YES;
				CLANG_WARN_INT_CONVERSION = YES;
				CLANG_WARN_OBJC_ROOT_CLASS = YES_ERROR;
				CLANG_WARN_UNREACHABLE_CODE = YES;
				CLANG_WARN__DUPLICATE_METHOD_MATCH = YES;
				"CODE_SIGN_IDENTITY[sdk=iphoneos*]" = "iPhone Developer";
				COPY_PHASE_STRIP = NO;
				DEBUG_INFORMATION_FORMAT = "dwarf-with-dsym";
				ENABLE_NS_ASSERTIONS = NO;
				ENABLE_STRICT_OBJC_MSGSEND = YES;
				GCC_C_LANGUAGE_STANDARD = gnu99;
				GCC_NO_COMMON_BLOCKS = YES;
				GCC_WARN_64_TO_32_BIT_CONVERSION = YES;
				GCC_WARN_ABOUT_RETURN_TYPE = YES_ERROR;
				GCC_WARN_UNDECLARED_SELECTOR = YES;
				GCC_WARN_UNINITIALIZED_AUTOS = YES_AGGRESSIVE;
				GCC_WARN_UNUSED_FUNCTION = YES;
				GCC_WARN_UNUSED_VARIABLE = YES;
				IPHONEOS_DEPLOYMENT_TARGET = 8.4;
				MTL_ENABLE_DEBUG_INFO = NO;
				SDKROOT = iphoneos;
				TARGETED_DEVICE_FAMILY = "1,2";
				VALIDATE_PRODUCT = YES;
			};
			name = Release;
		};
		99726B1B1B5B084B0038084C /* Debug */ = {
			isa = XCBuildConfiguration;
			buildSettings = {
				ASSETCATALOG_COMPILER_APPICON_NAME = AppIcon;
				INFOPLIST_FILE = CustomCameraWithFilter/Info.plist;
				LD_RUNPATH_SEARCH_PATHS = "$(inherited) @executable_path/Frameworks";
				PRODUCT_NAME = "$(TARGET_NAME)";
			};
			name = Debug;
		};
		99726B1C1B5B084B0038084C /* Release */ = {
			isa = XCBuildConfiguration;
			buildSettings = {
				ASSETCATALOG_COMPILER_APPICON_NAME = AppIcon;
				INFOPLIST_FILE = CustomCameraWithFilter/Info.plist;
				LD_RUNPATH_SEARCH_PATHS = "$(inherited) @executable_path/Frameworks";
				PRODUCT_NAME = "$(TARGET_NAME)";
			};
			name = Release;
		};
		99726B1E1B5B084B0038084C /* Debug */ = {
			isa = XCBuildConfiguration;
			buildSettings = {
				BUNDLE_LOADER = "$(TEST_HOST)";
				FRAMEWORK_SEARCH_PATHS = (
					"$(SDKROOT)/Developer/Library/Frameworks",
					"$(inherited)",
				);
				GCC_PREPROCESSOR_DEFINITIONS = (
					"DEBUG=1",
					"$(inherited)",
				);
				INFOPLIST_FILE = CustomCameraWithFilterTests/Info.plist;
				LD_RUNPATH_SEARCH_PATHS = "$(inherited) @executable_path/Frameworks @loader_path/Frameworks";
				PRODUCT_NAME = "$(TARGET_NAME)";
				TEST_HOST = "$(BUILT_PRODUCTS_DIR)/CustomCameraWithFilter.app/CustomCameraWithFilter";
			};
			name = Debug;
		};
		99726B1F1B5B084B0038084C /* Release */ = {
			isa = XCBuildConfiguration;
			buildSettings = {
				BUNDLE_LOADER = "$(TEST_HOST)";
				FRAMEWORK_SEARCH_PATHS = (
					"$(SDKROOT)/Developer/Library/Frameworks",
					"$(inherited)",
				);
				INFOPLIST_FILE = CustomCameraWithFilterTests/Info.plist;
				LD_RUNPATH_SEARCH_PATHS = "$(inherited) @executable_path/Frameworks @loader_path/Frameworks";
				PRODUCT_NAME = "$(TARGET_NAME)";
				TEST_HOST = "$(BUILT_PRODUCTS_DIR)/CustomCameraWithFilter.app/CustomCameraWithFilter";
			};
			name = Release;
		};
/* End XCBuildConfiguration section */

/* Begin XCConfigurationList section */
		99726AF21B5B084A0038084C /* Build configuration list for PBXProject "CustomCameraWithFilter" */ = {
			isa = XCConfigurationList;
			buildConfigurations = (
				99726B181B5B084B0038084C /* Debug */,
				99726B191B5B084B0038084C /* Release */,
			);
			defaultConfigurationIsVisible = 0;
			defaultConfigurationName = Release;
		};
		99726B1A1B5B084B0038084C /* Build configuration list for PBXNativeTarget "CustomCameraWithFilter" */ = {
			isa = XCConfigurationList;
			buildConfigurations = (
				99726B1B1B5B084B0038084C /* Debug */,
				99726B1C1B5B084B0038084C /* Release */,
			);
			defaultConfigurationIsVisible = 0;
			defaultConfigurationName = Release;
		};
		99726B1D1B5B084B0038084C /* Build configuration list for PBXNativeTarget "CustomCameraWithFilterTests" */ = {
			isa = XCConfigurationList;
			buildConfigurations = (
				99726B1E1B5B084B0038084C /* Debug */,
				99726B1F1B5B084B0038084C /* Release */,
			);
			defaultConfigurationIsVisible = 0;
			defaultConfigurationName = Release;
		};
/* End XCConfigurationList section */
	};
	rootObject = 99726AEF1B5B084A0038084C /* Project object */;
}
